
Microsoft Visual Studio Solution File, Format Version 12.00
# Visual Studio Version 17
VisualStudioVersion = 17.4.33205.214
MinimumVisualStudioVersion = 10.0.40219.1
Project("{FAE04EC0-301F-11D3-BF4B-00C04F79EFBC}") = "A_ProjectofGameReviews", "A_ProjectofGameReviews.csproj", "{2310F594-64CF-4F91-9217-5B00BB87C3DB}"
EndProject
Global
	GlobalSection(SolutionConfigurationPlatforms) = preSolution
		Debug|Any CPU = Debug|Any CPU
		Release|Any CPU = Release|Any CPU
	EndGlobalSection
	GlobalSection(ProjectConfigurationPlatforms) = postSolution
		{2310F594-64CF-4F91-9217-5B00BB87C3DB}.Debug|Any CPU.ActiveCfg = Debug|Any CPU
		{2310F594-64CF-4F91-9217-5B00BB87C3DB}.Debug|Any CPU.Build.0 = Debug|Any CPU
		{2310F594-64CF-4F91-9217-5B00BB87C3DB}.Release|Any CPU.ActiveCfg = Release|Any CPU
		{2310F594-64CF-4F91-9217-5B00BB87C3DB}.Release|Any CPU.Build.0 = Release|Any CPU
	EndGlobalSection
	GlobalSection(SolutionProperties) = preSolution
		HideSolutionNode = FALSE
	EndGlobalSection
	GlobalSection(ExtensibilityGlobals) = postSolution
		SolutionGuid = {8D69D6AA-2374-4680-B0EA-F8DB25D3F4B5}
	EndGlobalSection
EndGlobal
